
Microsoft Visual Studio Solution File, Format Version 12.00
# Visual Studio Version 16
VisualStudioVersion = 25.0.1706.3
MinimumVisualStudioVersion = 10.0.40219.1
Project("{FAE04EC0-301F-11D3-BF4B-00C04F79EFBC}") = "TestApp", "TestApp\TestApp.csproj", "{C4245E57-359B-4893-B0DF-1883F6329914}"
EndProject
Project("{FAE04EC0-301F-11D3-BF4B-00C04F79EFBC}") = "TestConsole", "TestConsole\TestConsole.csproj", "{8EB494A7-5905-4F1D-BAE0-2E2E259AE230}"
EndProject
Project("{E53339B2-1760-4266-BCC7-CA923CBCF16C}") = "docker-compose", "docker-compose.dcproj", "{0A6437C9-2588-46D7-BEB6-9F633E5A6EFC}"
EndProject
Global
	GlobalSection(SolutionConfigurationPlatforms) = preSolution
		Debug|Any CPU = Debug|Any CPU
		Release|Any CPU = Release|Any CPU
	EndGlobalSection
	GlobalSection(ProjectConfigurationPlatforms) = postSolution
		{C4245E57-359B-4893-B0DF-1883F6329914}.Debug|Any CPU.ActiveCfg = Debug|Any CPU
		{C4245E57-359B-4893-B0DF-1883F6329914}.Debug|Any CPU.Build.0 = Debug|Any CPU
		{C4245E57-359B-4893-B0DF-1883F6329914}.Release|Any CPU.ActiveCfg = Release|Any CPU
		{C4245E57-359B-4893-B0DF-1883F6329914}.Release|Any CPU.Build.0 = Release|Any CPU
		{8EB494A7-5905-4F1D-BAE0-2E2E259AE230}.Debug|Any CPU.ActiveCfg = Debug|Any CPU
		{8EB494A7-5905-4F1D-BAE0-2E2E259AE230}.Debug|Any CPU.Build.0 = Debug|Any CPU
		{8EB494A7-5905-4F1D-BAE0-2E2E259AE230}.Release|Any CPU.ActiveCfg = Release|Any CPU
		{8EB494A7-5905-4F1D-BAE0-2E2E259AE230}.Release|Any CPU.Build.0 = Release|Any CPU
		{0A6437C9-2588-46D7-BEB6-9F633E5A6EFC}.Debug|Any CPU.ActiveCfg = Debug|Any CPU
		{0A6437C9-2588-46D7-BEB6-9F633E5A6EFC}.Debug|Any CPU.Build.0 = Debug|Any CPU
		{0A6437C9-2588-46D7-BEB6-9F633E5A6EFC}.Release|Any CPU.ActiveCfg = Release|Any CPU
		{0A6437C9-2588-46D7-BEB6-9F633E5A6EFC}.Release|Any CPU.Build.0 = Release|Any CPU
	EndGlobalSection
	GlobalSection(SolutionProperties) = preSolution
		HideSolutionNode = FALSE
	EndGlobalSection
	GlobalSection(ExtensibilityGlobals) = postSolution
		SolutionGuid = {153D3646-4647-40E7-BEA4-405886804665}
	EndGlobalSection
EndGlobal
